// !$*UTF8*$!
{
	archiveVersion = 1;
	classes = {
	};
	objectVersion = 55;
	objects = {

/* Begin PBXBuildFile section */
		3AA84048277E1886000C1534 /* RankViewController.swift in Sources */ = {isa = PBXBuildFile; fileRef = 3AA84047277E1886000C1534 /* RankViewController.swift */; };
		3AA8404B277E2931000C1534 /* RankCell.swift in Sources */ = {isa = PBXBuildFile; fileRef = 3AA84049277E2931000C1534 /* RankCell.swift */; };
		3AA8404C277E2931000C1534 /* RankCell.xib in Resources */ = {isa = PBXBuildFile; fileRef = 3AA8404A277E2931000C1534 /* RankCell.xib */; };
		694E04FD277CB5400048FEE4 /* NetStatus.swift in Sources */ = {isa = PBXBuildFile; fileRef = 694E04FC277CB5400048FEE4 /* NetStatus.swift */; };
		694E04FF277CBA690048FEE4 /* Timer.swift in Sources */ = {isa = PBXBuildFile; fileRef = 694E04FE277CBA690048FEE4 /* Timer.swift */; };
		69DA4E5027610C1E00D8D80B /* Defines.swift in Sources */ = {isa = PBXBuildFile; fileRef = 69DA4E4F27610C1E00D8D80B /* Defines.swift */; };
		69DCB9E6275E7E3C009D5F1A /* Alamofire in Frameworks */ = {isa = PBXBuildFile; productRef = 69DCB9E5275E7E3C009D5F1A /* Alamofire */; };
		69DCB9E8275E7E51009D5F1A /* Form.swift in Sources */ = {isa = PBXBuildFile; fileRef = 69DCB9E7275E7E51009D5F1A /* Form.swift */; };
		69DCB9EA275E7E6E009D5F1A /* Play.swift in Sources */ = {isa = PBXBuildFile; fileRef = 69DCB9E9275E7E6E009D5F1A /* Play.swift */; };
		69DCB9EF275EA936009D5F1A /* Interface.swift in Sources */ = {isa = PBXBuildFile; fileRef = 69DCB9EE275EA936009D5F1A /* Interface.swift */; };
		9004C53A2758B69000F25BCD /* GoogleService-Info.plist in Resources */ = {isa = PBXBuildFile; fileRef = 9004C5392758B69000F25BCD /* GoogleService-Info.plist */; };
		90581262277C339100E17EEE /* Temp.swift in Sources */ = {isa = PBXBuildFile; fileRef = 90581261277C339100E17EEE /* Temp.swift */; };
		90581266277C36F400E17EEE /* PaddingLabel.swift in Sources */ = {isa = PBXBuildFile; fileRef = 90581265277C36F400E17EEE /* PaddingLabel.swift */; };
		9058126B277C384100E17EEE /* CGFloat+Extension.swift in Sources */ = {isa = PBXBuildFile; fileRef = 9058126A277C384100E17EEE /* CGFloat+Extension.swift */; };
		90760DBE2786AED6006848A5 /* UserService.swift in Sources */ = {isa = PBXBuildFile; fileRef = 90760DBD2786AED6006848A5 /* UserService.swift */; };
		90760DC12786ECB7006848A5 /* APIServiceType.swift in Sources */ = {isa = PBXBuildFile; fileRef = 90760DC02786ECB7006848A5 /* APIServiceType.swift */; };
		90760DC32787088F006848A5 /* DuelService.swift in Sources */ = {isa = PBXBuildFile; fileRef = 90760DC22787088F006848A5 /* DuelService.swift */; };
		90760DC527870C41006848A5 /* StatisticsService.swift in Sources */ = {isa = PBXBuildFile; fileRef = 90760DC427870C41006848A5 /* StatisticsService.swift */; };
		90760DC827870D8D006848A5 /* .swiftlint.yml in Resources */ = {isa = PBXBuildFile; fileRef = 90760DC727870D8D006848A5 /* .swiftlint.yml */; };
		90A5787F272DD6B900BD2860 /* Game.storyboard in Resources */ = {isa = PBXBuildFile; fileRef = 90A5787E272DD6B900BD2860 /* Game.storyboard */; };
		90A5AE3E2726A61800992192 /* AppDelegate.swift in Sources */ = {isa = PBXBuildFile; fileRef = 90A5AE3D2726A61800992192 /* AppDelegate.swift */; };
		90A5AE402726A61800992192 /* SceneDelegate.swift in Sources */ = {isa = PBXBuildFile; fileRef = 90A5AE3F2726A61800992192 /* SceneDelegate.swift */; };
		90A5AE422726A61800992192 /* SignViewController.swift in Sources */ = {isa = PBXBuildFile; fileRef = 90A5AE412726A61800992192 /* SignViewController.swift */; };
		90A5AE452726A61800992192 /* Main.storyboard in Resources */ = {isa = PBXBuildFile; fileRef = 90A5AE432726A61800992192 /* Main.storyboard */; };
		90A5AE472726A61900992192 /* Assets.xcassets in Resources */ = {isa = PBXBuildFile; fileRef = 90A5AE462726A61900992192 /* Assets.xcassets */; };
		90A5AE4A2726A61900992192 /* LaunchScreen.storyboard in Resources */ = {isa = PBXBuildFile; fileRef = 90A5AE482726A61900992192 /* LaunchScreen.storyboard */; };
		90A5AE552726A61900992192 /* DuelDiceTests.swift in Sources */ = {isa = PBXBuildFile; fileRef = 90A5AE542726A61900992192 /* DuelDiceTests.swift */; };
		90A5AE5F2726A61900992192 /* DuelDiceUITests.swift in Sources */ = {isa = PBXBuildFile; fileRef = 90A5AE5E2726A61900992192 /* DuelDiceUITests.swift */; };
		90A5AE612726A61900992192 /* DuelDiceUITestsLaunchTests.swift in Sources */ = {isa = PBXBuildFile; fileRef = 90A5AE602726A61900992192 /* DuelDiceUITestsLaunchTests.swift */; };
		90A5AE722727C31B00992192 /* Player.swift in Sources */ = {isa = PBXBuildFile; fileRef = 90A5AE712727C31B00992192 /* Player.swift */; };
		90A5AE752727CCA900992192 /* ClientViewController.swift in Sources */ = {isa = PBXBuildFile; fileRef = 90A5AE742727CCA900992192 /* ClientViewController.swift */; };
		90A5AE772727CE0D00992192 /* GameViewController.swift in Sources */ = {isa = PBXBuildFile; fileRef = 90A5AE762727CE0D00992192 /* GameViewController.swift */; };
		90A5AE792727CF4300992192 /* Client.storyboard in Resources */ = {isa = PBXBuildFile; fileRef = 90A5AE782727CF4300992192 /* Client.storyboard */; };
		96612805467380414B81AB1E /* Pods_DuelDice.framework in Frameworks */ = {isa = PBXBuildFile; fileRef = 885C5B631E2EF0D924790A86 /* Pods_DuelDice.framework */; };
		9773A98CC727B380355F35F0 /* Pods_DuelDice_DuelDiceUITests.framework in Frameworks */ = {isa = PBXBuildFile; fileRef = E1551374CD94B94D5D790F64 /* Pods_DuelDice_DuelDiceUITests.framework */; };
		D575E277766DB8ED1A65DF5A /* Pods_DuelDiceTests.framework in Frameworks */ = {isa = PBXBuildFile; fileRef = DB008A9D76F0473ADDB21DCE /* Pods_DuelDiceTests.framework */; };
/* End PBXBuildFile section */

/* Begin PBXContainerItemProxy section */
		90A5AE512726A61900992192 /* PBXContainerItemProxy */ = {
			isa = PBXContainerItemProxy;
			containerPortal = 90A5AE322726A61800992192 /* Project object */;
			proxyType = 1;
			remoteGlobalIDString = 90A5AE392726A61800992192;
			remoteInfo = DuelDice;
		};
		90A5AE5B2726A61900992192 /* PBXContainerItemProxy */ = {
			isa = PBXContainerItemProxy;
			containerPortal = 90A5AE322726A61800992192 /* Project object */;
			proxyType = 1;
			remoteGlobalIDString = 90A5AE392726A61800992192;
			remoteInfo = DuelDice;
		};
/* End PBXContainerItemProxy section */

/* Begin PBXFileReference section */
		20F062A427DBB0A8442D3D30 /* Pods-DuelDiceTests.debug.xcconfig */ = {isa = PBXFileReference; includeInIndex = 1; lastKnownFileType = text.xcconfig; name = "Pods-DuelDiceTests.debug.xcconfig"; path = "Target Support Files/Pods-DuelDiceTests/Pods-DuelDiceTests.debug.xcconfig"; sourceTree = "<group>"; };
		3AA84047277E1886000C1534 /* RankViewController.swift */ = {isa = PBXFileReference; lastKnownFileType = sourcecode.swift; path = RankViewController.swift; sourceTree = "<group>"; };
		3AA84049277E2931000C1534 /* RankCell.swift */ = {isa = PBXFileReference; lastKnownFileType = sourcecode.swift; path = RankCell.swift; sourceTree = "<group>"; };
		3AA8404A277E2931000C1534 /* RankCell.xib */ = {isa = PBXFileReference; lastKnownFileType = file.xib; path = RankCell.xib; sourceTree = "<group>"; };
		446A8CE656941B510797F86A /* Pods-DuelDiceTests.release.xcconfig */ = {isa = PBXFileReference; includeInIndex = 1; lastKnownFileType = text.xcconfig; name = "Pods-DuelDiceTests.release.xcconfig"; path = "Target Support Files/Pods-DuelDiceTests/Pods-DuelDiceTests.release.xcconfig"; sourceTree = "<group>"; };
		5A930F7E117CEC66D6BAB4F7 /* Pods-DuelDice.debug.xcconfig */ = {isa = PBXFileReference; includeInIndex = 1; lastKnownFileType = text.xcconfig; name = "Pods-DuelDice.debug.xcconfig"; path = "Target Support Files/Pods-DuelDice/Pods-DuelDice.debug.xcconfig"; sourceTree = "<group>"; };
		653B4B556472409016EC8BC7 /* Pods-DuelDice.release.xcconfig */ = {isa = PBXFileReference; includeInIndex = 1; lastKnownFileType = text.xcconfig; name = "Pods-DuelDice.release.xcconfig"; path = "Target Support Files/Pods-DuelDice/Pods-DuelDice.release.xcconfig"; sourceTree = "<group>"; };
		694E04FC277CB5400048FEE4 /* NetStatus.swift */ = {isa = PBXFileReference; lastKnownFileType = sourcecode.swift; path = NetStatus.swift; sourceTree = "<group>"; };
		694E04FE277CBA690048FEE4 /* Timer.swift */ = {isa = PBXFileReference; lastKnownFileType = sourcecode.swift; path = Timer.swift; sourceTree = "<group>"; };
		69DA4E4F27610C1E00D8D80B /* Defines.swift */ = {isa = PBXFileReference; lastKnownFileType = sourcecode.swift; path = Defines.swift; sourceTree = "<group>"; };
		69DCB9E7275E7E51009D5F1A /* Form.swift */ = {isa = PBXFileReference; lastKnownFileType = sourcecode.swift; path = Form.swift; sourceTree = "<group>"; };
		69DCB9E9275E7E6E009D5F1A /* Play.swift */ = {isa = PBXFileReference; lastKnownFileType = sourcecode.swift; path = Play.swift; sourceTree = "<group>"; };
		69DCB9EE275EA936009D5F1A /* Interface.swift */ = {isa = PBXFileReference; lastKnownFileType = sourcecode.swift; path = Interface.swift; sourceTree = "<group>"; };
		885C5B631E2EF0D924790A86 /* Pods_DuelDice.framework */ = {isa = PBXFileReference; explicitFileType = wrapper.framework; includeInIndex = 0; path = Pods_DuelDice.framework; sourceTree = BUILT_PRODUCTS_DIR; };
		88DD25B4DAD61B22F8098FA8 /* Pods-DuelDice-DuelDiceUITests.release.xcconfig */ = {isa = PBXFileReference; includeInIndex = 1; lastKnownFileType = text.xcconfig; name = "Pods-DuelDice-DuelDiceUITests.release.xcconfig"; path = "Target Support Files/Pods-DuelDice-DuelDiceUITests/Pods-DuelDice-DuelDiceUITests.release.xcconfig"; sourceTree = "<group>"; };
		9004C5392758B69000F25BCD /* GoogleService-Info.plist */ = {isa = PBXFileReference; fileEncoding = 4; lastKnownFileType = text.plist.xml; path = "GoogleService-Info.plist"; sourceTree = "<group>"; };
		90581261277C339100E17EEE /* Temp.swift */ = {isa = PBXFileReference; lastKnownFileType = sourcecode.swift; path = Temp.swift; sourceTree = "<group>"; };
		90581265277C36F400E17EEE /* PaddingLabel.swift */ = {isa = PBXFileReference; lastKnownFileType = sourcecode.swift; path = PaddingLabel.swift; sourceTree = "<group>"; };
		9058126A277C384100E17EEE /* CGFloat+Extension.swift */ = {isa = PBXFileReference; lastKnownFileType = sourcecode.swift; path = "CGFloat+Extension.swift"; sourceTree = "<group>"; };
		90760DBD2786AED6006848A5 /* UserService.swift */ = {isa = PBXFileReference; lastKnownFileType = sourcecode.swift; path = UserService.swift; sourceTree = "<group>"; };
		90760DC02786ECB7006848A5 /* APIServiceType.swift */ = {isa = PBXFileReference; lastKnownFileType = sourcecode.swift; path = APIServiceType.swift; sourceTree = "<group>"; };
		90760DC22787088F006848A5 /* DuelService.swift */ = {isa = PBXFileReference; lastKnownFileType = sourcecode.swift; path = DuelService.swift; sourceTree = "<group>"; };
		90760DC427870C41006848A5 /* StatisticsService.swift */ = {isa = PBXFileReference; lastKnownFileType = sourcecode.swift; path = StatisticsService.swift; sourceTree = "<group>"; };
		90760DC727870D8D006848A5 /* .swiftlint.yml */ = {isa = PBXFileReference; lastKnownFileType = text.yaml; path = .swiftlint.yml; sourceTree = "<group>"; };
		90A5787E272DD6B900BD2860 /* Game.storyboard */ = {isa = PBXFileReference; lastKnownFileType = file.storyboard; path = Game.storyboard; sourceTree = "<group>"; };
		90A5AE3A2726A61800992192 /* DuelDice.app */ = {isa = PBXFileReference; explicitFileType = wrapper.application; includeInIndex = 0; path = DuelDice.app; sourceTree = BUILT_PRODUCTS_DIR; };
		90A5AE3D2726A61800992192 /* AppDelegate.swift */ = {isa = PBXFileReference; lastKnownFileType = sourcecode.swift; path = AppDelegate.swift; sourceTree = "<group>"; };
		90A5AE3F2726A61800992192 /* SceneDelegate.swift */ = {isa = PBXFileReference; lastKnownFileType = sourcecode.swift; path = SceneDelegate.swift; sourceTree = "<group>"; };
		90A5AE412726A61800992192 /* SignViewController.swift */ = {isa = PBXFileReference; lastKnownFileType = sourcecode.swift; path = SignViewController.swift; sourceTree = "<group>"; };
		90A5AE442726A61800992192 /* Base */ = {isa = PBXFileReference; lastKnownFileType = file.storyboard; name = Base; path = Base.lproj/Main.storyboard; sourceTree = "<group>"; };
		90A5AE462726A61900992192 /* Assets.xcassets */ = {isa = PBXFileReference; lastKnownFileType = folder.assetcatalog; path = Assets.xcassets; sourceTree = "<group>"; };
		90A5AE492726A61900992192 /* Base */ = {isa = PBXFileReference; lastKnownFileType = file.storyboard; name = Base; path = Base.lproj/LaunchScreen.storyboard; sourceTree = "<group>"; };
		90A5AE4B2726A61900992192 /* Info.plist */ = {isa = PBXFileReference; lastKnownFileType = text.plist.xml; path = Info.plist; sourceTree = "<group>"; };
		90A5AE502726A61900992192 /* DuelDiceTests.xctest */ = {isa = PBXFileReference; explicitFileType = wrapper.cfbundle; includeInIndex = 0; path = DuelDiceTests.xctest; sourceTree = BUILT_PRODUCTS_DIR; };
		90A5AE542726A61900992192 /* DuelDiceTests.swift */ = {isa = PBXFileReference; lastKnownFileType = sourcecode.swift; path = DuelDiceTests.swift; sourceTree = "<group>"; };
		90A5AE5A2726A61900992192 /* DuelDiceUITests.xctest */ = {isa = PBXFileReference; explicitFileType = wrapper.cfbundle; includeInIndex = 0; path = DuelDiceUITests.xctest; sourceTree = BUILT_PRODUCTS_DIR; };
		90A5AE5E2726A61900992192 /* DuelDiceUITests.swift */ = {isa = PBXFileReference; lastKnownFileType = sourcecode.swift; path = DuelDiceUITests.swift; sourceTree = "<group>"; };
		90A5AE602726A61900992192 /* DuelDiceUITestsLaunchTests.swift */ = {isa = PBXFileReference; lastKnownFileType = sourcecode.swift; path = DuelDiceUITestsLaunchTests.swift; sourceTree = "<group>"; };
		90A5AE712727C31B00992192 /* Player.swift */ = {isa = PBXFileReference; lastKnownFileType = sourcecode.swift; path = Player.swift; sourceTree = "<group>"; };
		90A5AE742727CCA900992192 /* ClientViewController.swift */ = {isa = PBXFileReference; lastKnownFileType = sourcecode.swift; path = ClientViewController.swift; sourceTree = "<group>"; };
		90A5AE762727CE0D00992192 /* GameViewController.swift */ = {isa = PBXFileReference; lastKnownFileType = sourcecode.swift; path = GameViewController.swift; sourceTree = "<group>"; };
		90A5AE782727CF4300992192 /* Client.storyboard */ = {isa = PBXFileReference; lastKnownFileType = file.storyboard; path = Client.storyboard; sourceTree = "<group>"; };
		DB008A9D76F0473ADDB21DCE /* Pods_DuelDiceTests.framework */ = {isa = PBXFileReference; explicitFileType = wrapper.framework; includeInIndex = 0; path = Pods_DuelDiceTests.framework; sourceTree = BUILT_PRODUCTS_DIR; };
		E1551374CD94B94D5D790F64 /* Pods_DuelDice_DuelDiceUITests.framework */ = {isa = PBXFileReference; explicitFileType = wrapper.framework; includeInIndex = 0; path = Pods_DuelDice_DuelDiceUITests.framework; sourceTree = BUILT_PRODUCTS_DIR; };
		E4DDE9CCD17CEF169986ECF3 /* Pods-DuelDice-DuelDiceUITests.debug.xcconfig */ = {isa = PBXFileReference; includeInIndex = 1; lastKnownFileType = text.xcconfig; name = "Pods-DuelDice-DuelDiceUITests.debug.xcconfig"; path = "Target Support Files/Pods-DuelDice-DuelDiceUITests/Pods-DuelDice-DuelDiceUITests.debug.xcconfig"; sourceTree = "<group>"; };
/* End PBXFileReference section */

/* Begin PBXFrameworksBuildPhase section */
		90A5AE372726A61800992192 /* Frameworks */ = {
			isa = PBXFrameworksBuildPhase;
			buildActionMask = 2147483647;
			files = (
				96612805467380414B81AB1E /* Pods_DuelDice.framework in Frameworks */,
				69DCB9E6275E7E3C009D5F1A /* Alamofire in Frameworks */,
			);
			runOnlyForDeploymentPostprocessing = 0;
		};
		90A5AE4D2726A61900992192 /* Frameworks */ = {
			isa = PBXFrameworksBuildPhase;
			buildActionMask = 2147483647;
			files = (
				D575E277766DB8ED1A65DF5A /* Pods_DuelDiceTests.framework in Frameworks */,
			);
			runOnlyForDeploymentPostprocessing = 0;
		};
		90A5AE572726A61900992192 /* Frameworks */ = {
			isa = PBXFrameworksBuildPhase;
			buildActionMask = 2147483647;
			files = (
				9773A98CC727B380355F35F0 /* Pods_DuelDice_DuelDiceUITests.framework in Frameworks */,
			);
			runOnlyForDeploymentPostprocessing = 0;
		};
/* End PBXFrameworksBuildPhase section */

/* Begin PBXGroup section */
		129380A81DEC1EA81394465A /* Pods */ = {
			isa = PBXGroup;
			children = (
				5A930F7E117CEC66D6BAB4F7 /* Pods-DuelDice.debug.xcconfig */,
				653B4B556472409016EC8BC7 /* Pods-DuelDice.release.xcconfig */,
				E4DDE9CCD17CEF169986ECF3 /* Pods-DuelDice-DuelDiceUITests.debug.xcconfig */,
				88DD25B4DAD61B22F8098FA8 /* Pods-DuelDice-DuelDiceUITests.release.xcconfig */,
				20F062A427DBB0A8442D3D30 /* Pods-DuelDiceTests.debug.xcconfig */,
				446A8CE656941B510797F86A /* Pods-DuelDiceTests.release.xcconfig */,
			);
			path = Pods;
			sourceTree = "<group>";
		};
		69DCB9ED275EA921009D5F1A /* Interface */ = {
			isa = PBXGroup;
			children = (
				69DCB9EE275EA936009D5F1A /* Interface.swift */,
			);
			path = Interface;
			sourceTree = "<group>";
		};
		90581263277C36CB00E17EEE /* SignIn */ = {
			isa = PBXGroup;
			children = (
				90A5AE412726A61800992192 /* SignViewController.swift */,
			);
			path = SignIn;
			sourceTree = "<group>";
		};
		90581267277C380A00E17EEE /* Common */ = {
			isa = PBXGroup;
			children = (
				90581269277C381D00E17EEE /* View */,
				90581268277C381900E17EEE /* Extension */,
			);
			path = Common;
			sourceTree = "<group>";
		};
		90581268277C381900E17EEE /* Extension */ = {
			isa = PBXGroup;
			children = (
				9058126A277C384100E17EEE /* CGFloat+Extension.swift */,
			);
			path = Extension;
			sourceTree = "<group>";
		};
		90581269277C381D00E17EEE /* View */ = {
			isa = PBXGroup;
			children = (
				90581265277C36F400E17EEE /* PaddingLabel.swift */,
			);
			path = View;
			sourceTree = "<group>";
		};
		90760DBC2786AEC6006848A5 /* Network */ = {
			isa = PBXGroup;
			children = (
				90760DC02786ECB7006848A5 /* APIServiceType.swift */,
				90760DBD2786AED6006848A5 /* UserService.swift */,
				90760DC22787088F006848A5 /* DuelService.swift */,
				90760DC427870C41006848A5 /* StatisticsService.swift */,
			);
			path = Network;
			sourceTree = "<group>";
		};
		90A5AE312726A61800992192 = {
			isa = PBXGroup;
			children = (
				90760DC727870D8D006848A5 /* .swiftlint.yml */,
				90A5AE3C2726A61800992192 /* DuelDice */,
				90A5AE532726A61900992192 /* DuelDiceTests */,
				90A5AE5D2726A61900992192 /* DuelDiceUITests */,
				90A5AE3B2726A61800992192 /* Products */,
				129380A81DEC1EA81394465A /* Pods */,
				9B1425EEFCD73461CC813863 /* Frameworks */,
			);
			sourceTree = "<group>";
		};
		90A5AE3B2726A61800992192 /* Products */ = {
			isa = PBXGroup;
			children = (
				90A5AE3A2726A61800992192 /* DuelDice.app */,
				90A5AE502726A61900992192 /* DuelDiceTests.xctest */,
				90A5AE5A2726A61900992192 /* DuelDiceUITests.xctest */,
			);
			name = Products;
			sourceTree = "<group>";
		};
		90A5AE3C2726A61800992192 /* DuelDice */ = {
			isa = PBXGroup;
			children = (
				90760DBC2786AEC6006848A5 /* Network */,
				69DCB9ED275EA921009D5F1A /* Interface */,
				90A5AE3D2726A61800992192 /* AppDelegate.swift */,
				90A5AE3F2726A61800992192 /* SceneDelegate.swift */,
				90A5AE732727C31E00992192 /* Model */,
				90A5AE702727C30000992192 /* Presentation */,
				90A5AE6E2727C2ED00992192 /* View */,
				90A5AE462726A61900992192 /* Assets.xcassets */,
				90A5AE482726A61900992192 /* LaunchScreen.storyboard */,
				9004C5392758B69000F25BCD /* GoogleService-Info.plist */,
				90A5AE4B2726A61900992192 /* Info.plist */,
			);
			path = DuelDice;
			sourceTree = "<group>";
		};
		90A5AE532726A61900992192 /* DuelDiceTests */ = {
			isa = PBXGroup;
			children = (
				90A5AE542726A61900992192 /* DuelDiceTests.swift */,
			);
			path = DuelDiceTests;
			sourceTree = "<group>";
		};
		90A5AE5D2726A61900992192 /* DuelDiceUITests */ = {
			isa = PBXGroup;
			children = (
				90A5AE5E2726A61900992192 /* DuelDiceUITests.swift */,
				90A5AE602726A61900992192 /* DuelDiceUITestsLaunchTests.swift */,
			);
			path = DuelDiceUITests;
			sourceTree = "<group>";
		};
		90A5AE6E2727C2ED00992192 /* View */ = {
			isa = PBXGroup;
			children = (
				90A5AE432726A61800992192 /* Main.storyboard */,
				90A5AE782727CF4300992192 /* Client.storyboard */,
				3AA8404A277E2931000C1534 /* RankCell.xib */,
				90A5787E272DD6B900BD2860 /* Game.storyboard */,
			);
			path = View;
			sourceTree = "<group>";
		};
		90A5AE702727C30000992192 /* Presentation */ = {
			isa = PBXGroup;
			children = (
				90581267277C380A00E17EEE /* Common */,
				90581263277C36CB00E17EEE /* SignIn */,
				90581261277C339100E17EEE /* Temp.swift */,
				90A5AE742727CCA900992192 /* ClientViewController.swift */,
				3AA84047277E1886000C1534 /* RankViewController.swift */,
				3AA84049277E2931000C1534 /* RankCell.swift */,
				90A5AE762727CE0D00992192 /* GameViewController.swift */,
			);
			path = Presentation;
			sourceTree = "<group>";
		};
		90A5AE732727C31E00992192 /* Model */ = {
			isa = PBXGroup;
			children = (
				90A5AE712727C31B00992192 /* Player.swift */,
				69DCB9E7275E7E51009D5F1A /* Form.swift */,
				69DCB9E9275E7E6E009D5F1A /* Play.swift */,
				69DA4E4F27610C1E00D8D80B /* Defines.swift */,
				694E04FC277CB5400048FEE4 /* NetStatus.swift */,
				694E04FE277CBA690048FEE4 /* Timer.swift */,
			);
			path = Model;
			sourceTree = "<group>";
		};
		9B1425EEFCD73461CC813863 /* Frameworks */ = {
			isa = PBXGroup;
			children = (
				885C5B631E2EF0D924790A86 /* Pods_DuelDice.framework */,
				E1551374CD94B94D5D790F64 /* Pods_DuelDice_DuelDiceUITests.framework */,
				DB008A9D76F0473ADDB21DCE /* Pods_DuelDiceTests.framework */,
			);
			name = Frameworks;
			sourceTree = "<group>";
		};
/* End PBXGroup section */

/* Begin PBXNativeTarget section */
		90A5AE392726A61800992192 /* DuelDice */ = {
			isa = PBXNativeTarget;
			buildConfigurationList = 90A5AE642726A61900992192 /* Build configuration list for PBXNativeTarget "DuelDice" */;
			buildPhases = (
				4F1716AEF25D1FB68FE0E120 /* [CP] Check Pods Manifest.lock */,
				90A5AE362726A61800992192 /* Sources */,
				90A5AE372726A61800992192 /* Frameworks */,
				90A5AE382726A61800992192 /* Resources */,
				B640BA3D72158EEF7F633C47 /* [CP] Embed Pods Frameworks */,
				90760DC627870D50006848A5 /* ShellScript */,
			);
			buildRules = (
			);
			dependencies = (
			);
			name = DuelDice;
			packageProductDependencies = (
				69DCB9E5275E7E3C009D5F1A /* Alamofire */,
			);
			productName = DuelDice;
			productReference = 90A5AE3A2726A61800992192 /* DuelDice.app */;
			productType = "com.apple.product-type.application";
		};
		90A5AE4F2726A61900992192 /* DuelDiceTests */ = {
			isa = PBXNativeTarget;
			buildConfigurationList = 90A5AE672726A61900992192 /* Build configuration list for PBXNativeTarget "DuelDiceTests" */;
			buildPhases = (
				BA97A75E912260C37664E548 /* [CP] Check Pods Manifest.lock */,
				90A5AE4C2726A61900992192 /* Sources */,
				90A5AE4D2726A61900992192 /* Frameworks */,
				90A5AE4E2726A61900992192 /* Resources */,
			);
			buildRules = (
			);
			dependencies = (
				90A5AE522726A61900992192 /* PBXTargetDependency */,
			);
			name = DuelDiceTests;
			productName = DuelDiceTests;
			productReference = 90A5AE502726A61900992192 /* DuelDiceTests.xctest */;
			productType = "com.apple.product-type.bundle.unit-test";
		};
		90A5AE592726A61900992192 /* DuelDiceUITests */ = {
			isa = PBXNativeTarget;
			buildConfigurationList = 90A5AE6A2726A61900992192 /* Build configuration list for PBXNativeTarget "DuelDiceUITests" */;
			buildPhases = (
				D15B93F7F791F68BC51F8FE6 /* [CP] Check Pods Manifest.lock */,
				90A5AE562726A61900992192 /* Sources */,
				90A5AE572726A61900992192 /* Frameworks */,
				90A5AE582726A61900992192 /* Resources */,
				3861568ABB6BCE6767B264AF /* [CP] Embed Pods Frameworks */,
			);
			buildRules = (
			);
			dependencies = (
				90A5AE5C2726A61900992192 /* PBXTargetDependency */,
			);
			name = DuelDiceUITests;
			productName = DuelDiceUITests;
			productReference = 90A5AE5A2726A61900992192 /* DuelDiceUITests.xctest */;
			productType = "com.apple.product-type.bundle.ui-testing";
		};
/* End PBXNativeTarget section */

/* Begin PBXProject section */
		90A5AE322726A61800992192 /* Project object */ = {
			isa = PBXProject;
			attributes = {
				BuildIndependentTargetsInParallel = 1;
				LastSwiftUpdateCheck = 1300;
				LastUpgradeCheck = 1300;
				TargetAttributes = {
					90A5AE392726A61800992192 = {
						CreatedOnToolsVersion = 13.0;
					};
					90A5AE4F2726A61900992192 = {
						CreatedOnToolsVersion = 13.0;
						TestTargetID = 90A5AE392726A61800992192;
					};
					90A5AE592726A61900992192 = {
						CreatedOnToolsVersion = 13.0;
						TestTargetID = 90A5AE392726A61800992192;
					};
				};
			};
			buildConfigurationList = 90A5AE352726A61800992192 /* Build configuration list for PBXProject "DuelDice" */;
			compatibilityVersion = "Xcode 13.0";
			developmentRegion = en;
			hasScannedForEncodings = 0;
			knownRegions = (
				en,
				Base,
			);
			mainGroup = 90A5AE312726A61800992192;
			packageReferences = (
				69DCB9E4275E7E3C009D5F1A /* XCRemoteSwiftPackageReference "Alamofire" */,
			);
			productRefGroup = 90A5AE3B2726A61800992192 /* Products */;
			projectDirPath = "";
			projectRoot = "";
			targets = (
				90A5AE392726A61800992192 /* DuelDice */,
				90A5AE4F2726A61900992192 /* DuelDiceTests */,
				90A5AE592726A61900992192 /* DuelDiceUITests */,
			);
		};
/* End PBXProject section */

/* Begin PBXResourcesBuildPhase section */
		90A5AE382726A61800992192 /* Resources */ = {
			isa = PBXResourcesBuildPhase;
			buildActionMask = 2147483647;
			files = (
				90760DC827870D8D006848A5 /* .swiftlint.yml in Resources */,
				90A5AE792727CF4300992192 /* Client.storyboard in Resources */,
				3AA8404C277E2931000C1534 /* RankCell.xib in Resources */,
				90A5AE4A2726A61900992192 /* LaunchScreen.storyboard in Resources */,
				90A5AE472726A61900992192 /* Assets.xcassets in Resources */,
				90A5787F272DD6B900BD2860 /* Game.storyboard in Resources */,
				90A5AE452726A61800992192 /* Main.storyboard in Resources */,
				9004C53A2758B69000F25BCD /* GoogleService-Info.plist in Resources */,
			);
			runOnlyForDeploymentPostprocessing = 0;
		};
		90A5AE4E2726A61900992192 /* Resources */ = {
			isa = PBXResourcesBuildPhase;
			buildActionMask = 2147483647;
			files = (
			);
			runOnlyForDeploymentPostprocessing = 0;
		};
		90A5AE582726A61900992192 /* Resources */ = {
			isa = PBXResourcesBuildPhase;
			buildActionMask = 2147483647;
			files = (
			);
			runOnlyForDeploymentPostprocessing = 0;
		};
/* End PBXResourcesBuildPhase section */

/* Begin PBXShellScriptBuildPhase section */
		3861568ABB6BCE6767B264AF /* [CP] Embed Pods Frameworks */ = {
			isa = PBXShellScriptBuildPhase;
			buildActionMask = 2147483647;
			files = (
			);
			inputFileListPaths = (
				"${PODS_ROOT}/Target Support Files/Pods-DuelDice-DuelDiceUITests/Pods-DuelDice-DuelDiceUITests-frameworks-${CONFIGURATION}-input-files.xcfilelist",
			);
			name = "[CP] Embed Pods Frameworks";
			outputFileListPaths = (
				"${PODS_ROOT}/Target Support Files/Pods-DuelDice-DuelDiceUITests/Pods-DuelDice-DuelDiceUITests-frameworks-${CONFIGURATION}-output-files.xcfilelist",
			);
			runOnlyForDeploymentPostprocessing = 0;
			shellPath = /bin/sh;
			shellScript = "\"${PODS_ROOT}/Target Support Files/Pods-DuelDice-DuelDiceUITests/Pods-DuelDice-DuelDiceUITests-frameworks.sh\"\n";
			showEnvVarsInLog = 0;
		};
		4F1716AEF25D1FB68FE0E120 /* [CP] Check Pods Manifest.lock */ = {
			isa = PBXShellScriptBuildPhase;
			buildActionMask = 2147483647;
			files = (
			);
			inputFileListPaths = (
			);
			inputPaths = (
				"${PODS_PODFILE_DIR_PATH}/Podfile.lock",
				"${PODS_ROOT}/Manifest.lock",
			);
			name = "[CP] Check Pods Manifest.lock";
			outputFileListPaths = (
			);
			outputPaths = (
				"$(DERIVED_FILE_DIR)/Pods-DuelDice-checkManifestLockResult.txt",
			);
			runOnlyForDeploymentPostprocessing = 0;
			shellPath = /bin/sh;
			shellScript = "diff \"${PODS_PODFILE_DIR_PATH}/Podfile.lock\" \"${PODS_ROOT}/Manifest.lock\" > /dev/null\nif [ $? != 0 ] ; then\n    # print error to STDERR\n    echo \"error: The sandbox is not in sync with the Podfile.lock. Run 'pod install' or update your CocoaPods installation.\" >&2\n    exit 1\nfi\n# This output is used by Xcode 'outputs' to avoid re-running this script phase.\necho \"SUCCESS\" > \"${SCRIPT_OUTPUT_FILE_0}\"\n";
			showEnvVarsInLog = 0;
		};
		90760DC627870D50006848A5 /* ShellScript */ = {
			isa = PBXShellScriptBuildPhase;
			buildActionMask = 2147483647;
			files = (
			);
			inputFileListPaths = (
			);
			inputPaths = (
			);
			outputFileListPaths = (
			);
			outputPaths = (
			);
			runOnlyForDeploymentPostprocessing = 0;
			shellPath = /bin/sh;
			shellScript = "# Type a script or drag a script file from your workspace to insert its path.\n";
		};
		B640BA3D72158EEF7F633C47 /* [CP] Embed Pods Frameworks */ = {
			isa = PBXShellScriptBuildPhase;
			buildActionMask = 2147483647;
			files = (
			);
			inputFileListPaths = (
				"${PODS_ROOT}/Target Support Files/Pods-DuelDice/Pods-DuelDice-frameworks-${CONFIGURATION}-input-files.xcfilelist",
			);
			name = "[CP] Embed Pods Frameworks";
			outputFileListPaths = (
				"${PODS_ROOT}/Target Support Files/Pods-DuelDice/Pods-DuelDice-frameworks-${CONFIGURATION}-output-files.xcfilelist",
			);
			runOnlyForDeploymentPostprocessing = 0;
			shellPath = /bin/sh;
			shellScript = "\"${PODS_ROOT}/Target Support Files/Pods-DuelDice/Pods-DuelDice-frameworks.sh\"\n";
			showEnvVarsInLog = 0;
		};
		BA97A75E912260C37664E548 /* [CP] Check Pods Manifest.lock */ = {
			isa = PBXShellScriptBuildPhase;
			buildActionMask = 2147483647;
			files = (
			);
			inputFileListPaths = (
			);
			inputPaths = (
				"${PODS_PODFILE_DIR_PATH}/Podfile.lock",
				"${PODS_ROOT}/Manifest.lock",
			);
			name = "[CP] Check Pods Manifest.lock";
			outputFileListPaths = (
			);
			outputPaths = (
				"$(DERIVED_FILE_DIR)/Pods-DuelDiceTests-checkManifestLockResult.txt",
			);
			runOnlyForDeploymentPostprocessing = 0;
			shellPath = /bin/sh;
			shellScript = "diff \"${PODS_PODFILE_DIR_PATH}/Podfile.lock\" \"${PODS_ROOT}/Manifest.lock\" > /dev/null\nif [ $? != 0 ] ; then\n    # print error to STDERR\n    echo \"error: The sandbox is not in sync with the Podfile.lock. Run 'pod install' or update your CocoaPods installation.\" >&2\n    exit 1\nfi\n# This output is used by Xcode 'outputs' to avoid re-running this script phase.\necho \"SUCCESS\" > \"${SCRIPT_OUTPUT_FILE_0}\"\n";
			showEnvVarsInLog = 0;
		};
		D15B93F7F791F68BC51F8FE6 /* [CP] Check Pods Manifest.lock */ = {
			isa = PBXShellScriptBuildPhase;
			buildActionMask = 2147483647;
			files = (
			);
			inputFileListPaths = (
			);
			inputPaths = (
				"${PODS_PODFILE_DIR_PATH}/Podfile.lock",
				"${PODS_ROOT}/Manifest.lock",
			);
			name = "[CP] Check Pods Manifest.lock";
			outputFileListPaths = (
			);
			outputPaths = (
				"$(DERIVED_FILE_DIR)/Pods-DuelDice-DuelDiceUITests-checkManifestLockResult.txt",
			);
			runOnlyForDeploymentPostprocessing = 0;
			shellPath = /bin/sh;
			shellScript = "diff \"${PODS_PODFILE_DIR_PATH}/Podfile.lock\" \"${PODS_ROOT}/Manifest.lock\" > /dev/null\nif [ $? != 0 ] ; then\n    # print error to STDERR\n    echo \"error: The sandbox is not in sync with the Podfile.lock. Run 'pod install' or update your CocoaPods installation.\" >&2\n    exit 1\nfi\n# This output is used by Xcode 'outputs' to avoid re-running this script phase.\necho \"SUCCESS\" > \"${SCRIPT_OUTPUT_FILE_0}\"\n";
			showEnvVarsInLog = 0;
		};
/* End PBXShellScriptBuildPhase section */

/* Begin PBXSourcesBuildPhase section */
		90A5AE362726A61800992192 /* Sources */ = {
			isa = PBXSourcesBuildPhase;
			buildActionMask = 2147483647;
			files = (
				90A5AE772727CE0D00992192 /* GameViewController.swift in Sources */,
				90760DC12786ECB7006848A5 /* APIServiceType.swift in Sources */,
				694E04FD277CB5400048FEE4 /* NetStatus.swift in Sources */,
				69DA4E5027610C1E00D8D80B /* Defines.swift in Sources */,
				3AA8404B277E2931000C1534 /* RankCell.swift in Sources */,
				69DCB9EF275EA936009D5F1A /* Interface.swift in Sources */,
				694E04FF277CBA690048FEE4 /* Timer.swift in Sources */,
				90A5AE722727C31B00992192 /* Player.swift in Sources */,
				90A5AE422726A61800992192 /* SignViewController.swift in Sources */,
				69DCB9EA275E7E6E009D5F1A /* Play.swift in Sources */,
				69DCB9E8275E7E51009D5F1A /* Form.swift in Sources */,
				90760DC32787088F006848A5 /* DuelService.swift in Sources */,
				90A5AE3E2726A61800992192 /* AppDelegate.swift in Sources */,
				90A5AE752727CCA900992192 /* ClientViewController.swift in Sources */,
				90581266277C36F400E17EEE /* PaddingLabel.swift in Sources */,
				90A5AE402726A61800992192 /* SceneDelegate.swift in Sources */,
				90760DC527870C41006848A5 /* StatisticsService.swift in Sources */,
				90760DBE2786AED6006848A5 /* UserService.swift in Sources */,
				9058126B277C384100E17EEE /* CGFloat+Extension.swift in Sources */,
				3AA84048277E1886000C1534 /* RankViewController.swift in Sources */,
				90581262277C339100E17EEE /* Temp.swift in Sources */,
			);
			runOnlyForDeploymentPostprocessing = 0;
		};
		90A5AE4C2726A61900992192 /* Sources */ = {
			isa = PBXSourcesBuildPhase;
			buildActionMask = 2147483647;
			files = (
				90A5AE552726A61900992192 /* DuelDiceTests.swift in Sources */,
			);
			runOnlyForDeploymentPostprocessing = 0;
		};
		90A5AE562726A61900992192 /* Sources */ = {
			isa = PBXSourcesBuildPhase;
			buildActionMask = 2147483647;
			files = (
				90A5AE612726A61900992192 /* DuelDiceUITestsLaunchTests.swift in Sources */,
				90A5AE5F2726A61900992192 /* DuelDiceUITests.swift in Sources */,
			);
			runOnlyForDeploymentPostprocessing = 0;
		};
/* End PBXSourcesBuildPhase section */

/* Begin PBXTargetDependency section */
		90A5AE522726A61900992192 /* PBXTargetDependency */ = {
			isa = PBXTargetDependency;
			target = 90A5AE392726A61800992192 /* DuelDice */;
			targetProxy = 90A5AE512726A61900992192 /* PBXContainerItemProxy */;
		};
		90A5AE5C2726A61900992192 /* PBXTargetDependency */ = {
			isa = PBXTargetDependency;
			target = 90A5AE392726A61800992192 /* DuelDice */;
			targetProxy = 90A5AE5B2726A61900992192 /* PBXContainerItemProxy */;
		};
/* End PBXTargetDependency section */

/* Begin PBXVariantGroup section */
		90A5AE432726A61800992192 /* Main.storyboard */ = {
			isa = PBXVariantGroup;
			children = (
				90A5AE442726A61800992192 /* Base */,
			);
			name = Main.storyboard;
			sourceTree = "<group>";
		};
		90A5AE482726A61900992192 /* LaunchScreen.storyboard */ = {
			isa = PBXVariantGroup;
			children = (
				90A5AE492726A61900992192 /* Base */,
			);
			name = LaunchScreen.storyboard;
			sourceTree = "<group>";
		};
/* End PBXVariantGroup section */

/* Begin XCBuildConfiguration section */
		90A5AE622726A61900992192 /* Debug */ = {
			isa = XCBuildConfiguration;
			buildSettings = {
				ALWAYS_SEARCH_USER_PATHS = NO;
				CLANG_ANALYZER_NONNULL = YES;
				CLANG_ANALYZER_NUMBER_OBJECT_CONVERSION = YES_AGGRESSIVE;
				CLANG_CXX_LANGUAGE_STANDARD = "gnu++17";
				CLANG_CXX_LIBRARY = "libc++";
				CLANG_ENABLE_MODULES = YES;
				CLANG_ENABLE_OBJC_ARC = YES;
				CLANG_ENABLE_OBJC_WEAK = YES;
				CLANG_WARN_BLOCK_CAPTURE_AUTORELEASING = YES;
				CLANG_WARN_BOOL_CONVERSION = YES;
				CLANG_WARN_COMMA = YES;
				CLANG_WARN_CONSTANT_CONVERSION = YES;
				CLANG_WARN_DEPRECATED_OBJC_IMPLEMENTATIONS = YES;
				CLANG_WARN_DIRECT_OBJC_ISA_USAGE = YES_ERROR;
				CLANG_WARN_DOCUMENTATION_COMMENTS = YES;
				CLANG_WARN_EMPTY_BODY = YES;
				CLANG_WARN_ENUM_CONVERSION = YES;
				CLANG_WARN_INFINITE_RECURSION = YES;
				CLANG_WARN_INT_CONVERSION = YES;
				CLANG_WARN_NON_LITERAL_NULL_CONVERSION = YES;
				CLANG_WARN_OBJC_IMPLICIT_RETAIN_SELF = YES;
				CLANG_WARN_OBJC_LITERAL_CONVERSION = YES;
				CLANG_WARN_OBJC_ROOT_CLASS = YES_ERROR;
				CLANG_WARN_QUOTED_INCLUDE_IN_FRAMEWORK_HEADER = YES;
				CLANG_WARN_RANGE_LOOP_ANALYSIS = YES;
				CLANG_WARN_STRICT_PROTOTYPES = YES;
				CLANG_WARN_SUSPICIOUS_MOVE = YES;
				CLANG_WARN_UNGUARDED_AVAILABILITY = YES_AGGRESSIVE;
				CLANG_WARN_UNREACHABLE_CODE = YES;
				CLANG_WARN__DUPLICATE_METHOD_MATCH = YES;
				COPY_PHASE_STRIP = NO;
				DEBUG_INFORMATION_FORMAT = dwarf;
				ENABLE_STRICT_OBJC_MSGSEND = YES;
				ENABLE_TESTABILITY = YES;
				GCC_C_LANGUAGE_STANDARD = gnu11;
				GCC_DYNAMIC_NO_PIC = NO;
				GCC_NO_COMMON_BLOCKS = YES;
				GCC_OPTIMIZATION_LEVEL = 0;
				GCC_PREPROCESSOR_DEFINITIONS = (
					"DEBUG=1",
					"$(inherited)",
				);
				GCC_WARN_64_TO_32_BIT_CONVERSION = YES;
				GCC_WARN_ABOUT_RETURN_TYPE = YES_ERROR;
				GCC_WARN_UNDECLARED_SELECTOR = YES;
				GCC_WARN_UNINITIALIZED_AUTOS = YES_AGGRESSIVE;
				GCC_WARN_UNUSED_FUNCTION = YES;
				GCC_WARN_UNUSED_VARIABLE = YES;
				IPHONEOS_DEPLOYMENT_TARGET = 15.0;
				MTL_ENABLE_DEBUG_INFO = INCLUDE_SOURCE;
				MTL_FAST_MATH = YES;
				ONLY_ACTIVE_ARCH = YES;
				SDKROOT = iphoneos;
				SWIFT_ACTIVE_COMPILATION_CONDITIONS = DEBUG;
				SWIFT_OPTIMIZATION_LEVEL = "-Onone";
			};
			name = Debug;
		};
		90A5AE632726A61900992192 /* Release */ = {
			isa = XCBuildConfiguration;
			buildSettings = {
				ALWAYS_SEARCH_USER_PATHS = NO;
				CLANG_ANALYZER_NONNULL = YES;
				CLANG_ANALYZER_NUMBER_OBJECT_CONVERSION = YES_AGGRESSIVE;
				CLANG_CXX_LANGUAGE_STANDARD = "gnu++17";
				CLANG_CXX_LIBRARY = "libc++";
				CLANG_ENABLE_MODULES = YES;
				CLANG_ENABLE_OBJC_ARC = YES;
				CLANG_ENABLE_OBJC_WEAK = YES;
				CLANG_WARN_BLOCK_CAPTURE_AUTORELEASING = YES;
				CLANG_WARN_BOOL_CONVERSION = YES;
				CLANG_WARN_COMMA = YES;
				CLANG_WARN_CONSTANT_CONVERSION = YES;
				CLANG_WARN_DEPRECATED_OBJC_IMPLEMENTATIONS = YES;
				CLANG_WARN_DIRECT_OBJC_ISA_USAGE = YES_ERROR;
				CLANG_WARN_DOCUMENTATION_COMMENTS = YES;
				CLANG_WARN_EMPTY_BODY = YES;
				CLANG_WARN_ENUM_CONVERSION = YES;
				CLANG_WARN_INFINITE_RECURSION = YES;
				CLANG_WARN_INT_CONVERSION = YES;
				CLANG_WARN_NON_LITERAL_NULL_CONVERSION = YES;
				CLANG_WARN_OBJC_IMPLICIT_RETAIN_SELF = YES;
				CLANG_WARN_OBJC_LITERAL_CONVERSION = YES;
				CLANG_WARN_OBJC_ROOT_CLASS = YES_ERROR;
				CLANG_WARN_QUOTED_INCLUDE_IN_FRAMEWORK_HEADER = YES;
				CLANG_WARN_RANGE_LOOP_ANALYSIS = YES;
				CLANG_WARN_STRICT_PROTOTYPES = YES;
				CLANG_WARN_SUSPICIOUS_MOVE = YES;
				CLANG_WARN_UNGUARDED_AVAILABILITY = YES_AGGRESSIVE;
				CLANG_WARN_UNREACHABLE_CODE = YES;
				CLANG_WARN__DUPLICATE_METHOD_MATCH = YES;
				COPY_PHASE_STRIP = NO;
				DEBUG_INFORMATION_FORMAT = "dwarf-with-dsym";
				ENABLE_NS_ASSERTIONS = NO;
				ENABLE_STRICT_OBJC_MSGSEND = YES;
				GCC_C_LANGUAGE_STANDARD = gnu11;
				GCC_NO_COMMON_BLOCKS = YES;
				GCC_WARN_64_TO_32_BIT_CONVERSION = YES;
				GCC_WARN_ABOUT_RETURN_TYPE = YES_ERROR;
				GCC_WARN_UNDECLARED_SELECTOR = YES;
				GCC_WARN_UNINITIALIZED_AUTOS = YES_AGGRESSIVE;
				GCC_WARN_UNUSED_FUNCTION = YES;
				GCC_WARN_UNUSED_VARIABLE = YES;
				IPHONEOS_DEPLOYMENT_TARGET = 15.0;
				MTL_ENABLE_DEBUG_INFO = NO;
				MTL_FAST_MATH = YES;
				SDKROOT = iphoneos;
				SWIFT_COMPILATION_MODE = wholemodule;
				SWIFT_OPTIMIZATION_LEVEL = "-O";
				VALIDATE_PRODUCT = YES;
			};
			name = Release;
		};
		90A5AE652726A61900992192 /* Debug */ = {
			isa = XCBuildConfiguration;
			baseConfigurationReference = 5A930F7E117CEC66D6BAB4F7 /* Pods-DuelDice.debug.xcconfig */;
			buildSettings = {
				ASSETCATALOG_COMPILER_APPICON_NAME = AppIcon;
				ASSETCATALOG_COMPILER_GLOBAL_ACCENT_COLOR_NAME = AccentColor;
				CODE_SIGN_STYLE = Automatic;
				CURRENT_PROJECT_VERSION = 1;
				DEVELOPMENT_TEAM = 54PCB24H6S;
				GENERATE_INFOPLIST_FILE = YES;
				INFOPLIST_FILE = DuelDice/Info.plist;
				INFOPLIST_KEY_UIApplicationSupportsIndirectInputEvents = YES;
				INFOPLIST_KEY_UILaunchStoryboardName = LaunchScreen;
				INFOPLIST_KEY_UIMainStoryboardFile = Main;
				INFOPLIST_KEY_UISupportedInterfaceOrientations_iPad = "UIInterfaceOrientationPortrait UIInterfaceOrientationPortraitUpsideDown UIInterfaceOrientationLandscapeLeft UIInterfaceOrientationLandscapeRight";
				INFOPLIST_KEY_UISupportedInterfaceOrientations_iPhone = "UIInterfaceOrientationPortrait UIInterfaceOrientationLandscapeLeft UIInterfaceOrientationLandscapeRight";
				LD_RUNPATH_SEARCH_PATHS = (
					"$(inherited)",
					"@executable_path/Frameworks",
				);
				MARKETING_VERSION = 1.0;
				PRODUCT_BUNDLE_IDENTIFIER = com.suhshin.DuelDice;
				PRODUCT_NAME = "$(TARGET_NAME)";
				SWIFT_EMIT_LOC_STRINGS = YES;
				SWIFT_VERSION = 5.0;
				TARGETED_DEVICE_FAMILY = "1,2";
			};
			name = Debug;
		};
		90A5AE662726A61900992192 /* Release */ = {
			isa = XCBuildConfiguration;
			baseConfigurationReference = 653B4B556472409016EC8BC7 /* Pods-DuelDice.release.xcconfig */;
			buildSettings = {
				ASSETCATALOG_COMPILER_APPICON_NAME = AppIcon;
				ASSETCATALOG_COMPILER_GLOBAL_ACCENT_COLOR_NAME = AccentColor;
				CODE_SIGN_STYLE = Automatic;
				CURRENT_PROJECT_VERSION = 1;
				DEVELOPMENT_TEAM = 54PCB24H6S;
				GENERATE_INFOPLIST_FILE = YES;
				INFOPLIST_FILE = DuelDice/Info.plist;
				INFOPLIST_KEY_UIApplicationSupportsIndirectInputEvents = YES;
				INFOPLIST_KEY_UILaunchStoryboardName = LaunchScreen;
				INFOPLIST_KEY_UIMainStoryboardFile = Main;
				INFOPLIST_KEY_UISupportedInterfaceOrientations_iPad = "UIInterfaceOrientationPortrait UIInterfaceOrientationPortraitUpsideDown UIInterfaceOrientationLandscapeLeft UIInterfaceOrientationLandscapeRight";
				INFOPLIST_KEY_UISupportedInterfaceOrientations_iPhone = "UIInterfaceOrientationPortrait UIInterfaceOrientationLandscapeLeft UIInterfaceOrientationLandscapeRight";
				LD_RUNPATH_SEARCH_PATHS = (
					"$(inherited)",
					"@executable_path/Frameworks",
				);
				MARKETING_VERSION = 1.0;
				PRODUCT_BUNDLE_IDENTIFIER = com.suhshin.DuelDice;
				PRODUCT_NAME = "$(TARGET_NAME)";
				SWIFT_EMIT_LOC_STRINGS = YES;
				SWIFT_VERSION = 5.0;
				TARGETED_DEVICE_FAMILY = "1,2";
			};
			name = Release;
		};
		90A5AE682726A61900992192 /* Debug */ = {
			isa = XCBuildConfiguration;
			baseConfigurationReference = 20F062A427DBB0A8442D3D30 /* Pods-DuelDiceTests.debug.xcconfig */;
			buildSettings = {
				ALWAYS_EMBED_SWIFT_STANDARD_LIBRARIES = YES;
				BUNDLE_LOADER = "$(TEST_HOST)";
				CODE_SIGN_STYLE = Automatic;
				CURRENT_PROJECT_VERSION = 1;
				DEVELOPMENT_TEAM = 54PCB24H6S;
				GENERATE_INFOPLIST_FILE = YES;
				IPHONEOS_DEPLOYMENT_TARGET = 15.0;
				LD_RUNPATH_SEARCH_PATHS = (
					"$(inherited)",
					"@executable_path/Frameworks",
					"@loader_path/Frameworks",
				);
				MARKETING_VERSION = 1.0;
				PRODUCT_BUNDLE_IDENTIFIER = com.suhshin.DuelDiceTests;
				PRODUCT_NAME = "$(TARGET_NAME)";
				SWIFT_EMIT_LOC_STRINGS = NO;
				SWIFT_VERSION = 5.0;
				TARGETED_DEVICE_FAMILY = "1,2";
				TEST_HOST = "$(BUILT_PRODUCTS_DIR)/DuelDice.app/DuelDice";
			};
			name = Debug;
		};
		90A5AE692726A61900992192 /* Release */ = {
			isa = XCBuildConfiguration;
			baseConfigurationReference = 446A8CE656941B510797F86A /* Pods-DuelDiceTests.release.xcconfig */;
			buildSettings = {
				ALWAYS_EMBED_SWIFT_STANDARD_LIBRARIES = YES;
				BUNDLE_LOADER = "$(TEST_HOST)";
				CODE_SIGN_STYLE = Automatic;
				CURRENT_PROJECT_VERSION = 1;
				DEVELOPMENT_TEAM = 54PCB24H6S;
				GENERATE_INFOPLIST_FILE = YES;
				IPHONEOS_DEPLOYMENT_TARGET = 15.0;
				LD_RUNPATH_SEARCH_PATHS = (
					"$(inherited)",
					"@executable_path/Frameworks",
					"@loader_path/Frameworks",
				);
				MARKETING_VERSION = 1.0;
				PRODUCT_BUNDLE_IDENTIFIER = com.suhshin.DuelDiceTests;
				PRODUCT_NAME = "$(TARGET_NAME)";
				SWIFT_EMIT_LOC_STRINGS = NO;
				SWIFT_VERSION = 5.0;
				TARGETED_DEVICE_FAMILY = "1,2";
				TEST_HOST = "$(BUILT_PRODUCTS_DIR)/DuelDice.app/DuelDice";
			};
			name = Release;
		};
		90A5AE6B2726A61900992192 /* Debug */ = {
			isa = XCBuildConfiguration;
			baseConfigurationReference = E4DDE9CCD17CEF169986ECF3 /* Pods-DuelDice-DuelDiceUITests.debug.xcconfig */;
			buildSettings = {
				ALWAYS_EMBED_SWIFT_STANDARD_LIBRARIES = YES;
				CODE_SIGN_STYLE = Automatic;
				CURRENT_PROJECT_VERSION = 1;
				DEVELOPMENT_TEAM = 54PCB24H6S;
				GENERATE_INFOPLIST_FILE = YES;
				LD_RUNPATH_SEARCH_PATHS = (
					"$(inherited)",
					"@executable_path/Frameworks",
					"@loader_path/Frameworks",
				);
				MARKETING_VERSION = 1.0;
				PRODUCT_BUNDLE_IDENTIFIER = com.suhshin.DuelDiceUITests;
				PRODUCT_NAME = "$(TARGET_NAME)";
				SWIFT_EMIT_LOC_STRINGS = NO;
				SWIFT_VERSION = 5.0;
				TARGETED_DEVICE_FAMILY = "1,2";
				TEST_TARGET_NAME = DuelDice;
			};
			name = Debug;
		};
		90A5AE6C2726A61900992192 /* Release */ = {
			isa = XCBuildConfiguration;
			baseConfigurationReference = 88DD25B4DAD61B22F8098FA8 /* Pods-DuelDice-DuelDiceUITests.release.xcconfig */;
			buildSettings = {
				ALWAYS_EMBED_SWIFT_STANDARD_LIBRARIES = YES;
				CODE_SIGN_STYLE = Automatic;
				CURRENT_PROJECT_VERSION = 1;
				DEVELOPMENT_TEAM = 54PCB24H6S;
				GENERATE_INFOPLIST_FILE = YES;
				LD_RUNPATH_SEARCH_PATHS = (
					"$(inherited)",
					"@executable_path/Frameworks",
					"@loader_path/Frameworks",
				);
				MARKETING_VERSION = 1.0;
				PRODUCT_BUNDLE_IDENTIFIER = com.suhshin.DuelDiceUITests;
				PRODUCT_NAME = "$(TARGET_NAME)";
				SWIFT_EMIT_LOC_STRINGS = NO;
				SWIFT_VERSION = 5.0;
				TARGETED_DEVICE_FAMILY = "1,2";
				TEST_TARGET_NAME = DuelDice;
			};
			name = Release;
		};
/* End XCBuildConfiguration section */

/* Begin XCConfigurationList section */
		90A5AE352726A61800992192 /* Build configuration list for PBXProject "DuelDice" */ = {
			isa = XCConfigurationList;
			buildConfigurations = (
				90A5AE622726A61900992192 /* Debug */,
				90A5AE632726A61900992192 /* Release */,
			);
			defaultConfigurationIsVisible = 0;
			defaultConfigurationName = Release;
		};
		90A5AE642726A61900992192 /* Build configuration list for PBXNativeTarget "DuelDice" */ = {
			isa = XCConfigurationList;
			buildConfigurations = (
				90A5AE652726A61900992192 /* Debug */,
				90A5AE662726A61900992192 /* Release */,
			);
			defaultConfigurationIsVisible = 0;
			defaultConfigurationName = Release;
		};
		90A5AE672726A61900992192 /* Build configuration list for PBXNativeTarget "DuelDiceTests" */ = {
			isa = XCConfigurationList;
			buildConfigurations = (
				90A5AE682726A61900992192 /* Debug */,
				90A5AE692726A61900992192 /* Release */,
			);
			defaultConfigurationIsVisible = 0;
			defaultConfigurationName = Release;
		};
		90A5AE6A2726A61900992192 /* Build configuration list for PBXNativeTarget "DuelDiceUITests" */ = {
			isa = XCConfigurationList;
			buildConfigurations = (
				90A5AE6B2726A61900992192 /* Debug */,
				90A5AE6C2726A61900992192 /* Release */,
			);
			defaultConfigurationIsVisible = 0;
			defaultConfigurationName = Release;
		};
/* End XCConfigurationList section */

/* Begin XCRemoteSwiftPackageReference section */
		69DCB9E4275E7E3C009D5F1A /* XCRemoteSwiftPackageReference "Alamofire" */ = {
			isa = XCRemoteSwiftPackageReference;
			repositoryURL = "https://github.com/Alamofire/Alamofire";
			requirement = {
				branch = master;
				kind = branch;
			};
		};
/* End XCRemoteSwiftPackageReference section */

/* Begin XCSwiftPackageProductDependency section */
		69DCB9E5275E7E3C009D5F1A /* Alamofire */ = {
			isa = XCSwiftPackageProductDependency;
			package = 69DCB9E4275E7E3C009D5F1A /* XCRemoteSwiftPackageReference "Alamofire" */;
			productName = Alamofire;
		};
/* End XCSwiftPackageProductDependency section */
	};
	rootObject = 90A5AE322726A61800992192 /* Project object */;
}
