{
  "object": {
    "pins": [
      {
        "package": "Alamofire",
        "repositoryURL": "https://github.com/Alamofire/Alamofire.git",
        "state": {
          "branch": "master",
          "revision": "e7e39079d7469e81966d2787431bf8979a2b0cc4",
          "version": null
        }
      }
    ]
  },
  "version": 1
}
